
Microsoft Visual Studio Solution File, Format Version 12.00
# Visual Studio Version 16
VisualStudioVersion = 16.0.30011.22
MinimumVisualStudioVersion = 10.0.40219.1
Project("{9A19103F-16F7-4668-BE54-9A1E7A4F7556}") = "Blockcore.Generator", "src\Blockcore.Generator\Blockcore.Generator.csproj", "{B1CE62CE-36C0-4792-8C65-A5BC27CCBC22}"
EndProject
Project("{FAE04EC0-301F-11D3-BF4B-00C04F79EFBC}") = "Blockcore.Samples", "src\Blockcore.Samples\Blockcore.Samples.csproj", "{9C8834B8-E761-4E8A-A36A-5466399453FF}"
EndProject
Project("{2150E333-8FDC-42A3-9474-1A3956D46DE8}") = "Solution Items", "Solution Items", "{B332B00C-D4CE-4646-8A34-AA46CDEC2051}"
	ProjectSection(SolutionItems) = preProject
		.editorconfig = .editorconfig
		.gitattributes = .gitattributes
		.gitignore = .gitignore
		CHANGELOG.md = CHANGELOG.md
		LICENSE = LICENSE
		README.md = README.md
	EndProjectSection
EndProject
Global
	GlobalSection(SolutionConfigurationPlatforms) = preSolution
		Debug|Any CPU = Debug|Any CPU
		Release|Any CPU = Release|Any CPU
	EndGlobalSection
	GlobalSection(ProjectConfigurationPlatforms) = postSolution
		{B1CE62CE-36C0-4792-8C65-A5BC27CCBC22}.Debug|Any CPU.ActiveCfg = Debug|Any CPU
		{B1CE62CE-36C0-4792-8C65-A5BC27CCBC22}.Debug|Any CPU.Build.0 = Debug|Any CPU
		{B1CE62CE-36C0-4792-8C65-A5BC27CCBC22}.Release|Any CPU.ActiveCfg = Release|Any CPU
		{B1CE62CE-36C0-4792-8C65-A5BC27CCBC22}.Release|Any CPU.Build.0 = Release|Any CPU
		{9C8834B8-E761-4E8A-A36A-5466399453FF}.Debug|Any CPU.ActiveCfg = Debug|Any CPU
		{9C8834B8-E761-4E8A-A36A-5466399453FF}.Debug|Any CPU.Build.0 = Debug|Any CPU
		{9C8834B8-E761-4E8A-A36A-5466399453FF}.Release|Any CPU.ActiveCfg = Release|Any CPU
		{9C8834B8-E761-4E8A-A36A-5466399453FF}.Release|Any CPU.Build.0 = Release|Any CPU
	EndGlobalSection
	GlobalSection(SolutionProperties) = preSolution
		HideSolutionNode = FALSE
	EndGlobalSection
	GlobalSection(ExtensibilityGlobals) = postSolution
		SolutionGuid = {F0BB82DF-4AB1-44CE-8FDE-3694A978A6F0}
	EndGlobalSection
EndGlobal
